// !$*UTF8*$!
{
	archiveVersion = 1;
	classes = {
	};
	objectVersion = 50;
	objects = {

/* Begin PBXBuildFile section */
		7C1B18B9232677F400AD77C7 /* A53C0F90-9C01-4773-8E48-BE59279DF501.png in Resources */ = {isa = PBXBuildFile; fileRef = 7C1B18B8232677F300AD77C7 /* A53C0F90-9C01-4773-8E48-BE59279DF501.png */; };
		7C1B18BB2326783700AD77C7 /* 85215A64-6C8A-4B2C-910B-4FAA55C08366.png in Resources */ = {isa = PBXBuildFile; fileRef = 7C1B18BA2326783600AD77C7 /* 85215A64-6C8A-4B2C-910B-4FAA55C08366.png */; };
		7C1B18BD2326785F00AD77C7 /* C3392E95-ECC4-4D1F-881E-DCCDC67B7691.png in Resources */ = {isa = PBXBuildFile; fileRef = 7C1B18BC2326785F00AD77C7 /* C3392E95-ECC4-4D1F-881E-DCCDC67B7691.png */; };
		7C1B18BF2326788000AD77C7 /* D649CFB4-C5A4-4303-9513-D46AB6EFEDD4.png in Resources */ = {isa = PBXBuildFile; fileRef = 7C1B18BE2326788000AD77C7 /* D649CFB4-C5A4-4303-9513-D46AB6EFEDD4.png */; };
		7C1B18C12326789100AD77C7 /* 060A5358-0B5B-40B7-9838-FFF1788260DF.png in Resources */ = {isa = PBXBuildFile; fileRef = 7C1B18C02326789100AD77C7 /* 060A5358-0B5B-40B7-9838-FFF1788260DF.png */; };
		7C1B18C3232678A400AD77C7 /* A50027E2-C5B6-4576-8A96-AE00DC00C750.png in Resources */ = {isa = PBXBuildFile; fileRef = 7C1B18C2232678A300AD77C7 /* A50027E2-C5B6-4576-8A96-AE00DC00C750.png */; };
		7C41DDB9232511370066D587 /* AppDelegate.m in Sources */ = {isa = PBXBuildFile; fileRef = 7C41DDB8232511370066D587 /* AppDelegate.m */; };
		7C41DDBC232511390066D587 /* ViewController.m in Sources */ = {isa = PBXBuildFile; fileRef = 7C41DDBB232511390066D587 /* ViewController.m */; };
		7C41DDBF2325113B0066D587 /* Main.storyboard in Resources */ = {isa = PBXBuildFile; fileRef = 7C41DDBD2325113B0066D587 /* Main.storyboard */; };
		7C41DDC1232511EB0066D587 /* Assets.xcassets in Resources */ = {isa = PBXBuildFile; fileRef = 7C41DDC0232511EB0066D587 /* Assets.xcassets */; };
		7C41DDC4232511EC0066D587 /* LaunchScreen.storyboard in Resources */ = {isa = PBXBuildFile; fileRef = 7C41DDC2232511EC0066D587 /* LaunchScreen.storyboard */; };
		7C41DDC7232511F40066D587 /* main.m in Sources */ = {isa = PBXBuildFile; fileRef = 7C41DDC6232511F40066D587 /* main.m */; };
		7C41DDCF2325174E0066D587 /* loginViewController.m in Sources */ = {isa = PBXBuildFile; fileRef = 7C41DDCE2325174E0066D587 /* loginViewController.m */; };
		7C41DDD22325175A0066D587 /* ResignViewController.m in Sources */ = {isa = PBXBuildFile; fileRef = 7C41DDD12325175A0066D587 /* ResignViewController.m */; };
		7C41DDD523251FA00066D587 /* OneViewController.m in Sources */ = {isa = PBXBuildFile; fileRef = 7C41DDD423251FA00066D587 /* OneViewController.m */; };
		7C41DDD823251FA90066D587 /* TwoViewController.m in Sources */ = {isa = PBXBuildFile; fileRef = 7C41DDD723251FA90066D587 /* TwoViewController.m */; };
		7C41DDDB23251FB20066D587 /* ThreeViewController.m in Sources */ = {isa = PBXBuildFile; fileRef = 7C41DDDA23251FB20066D587 /* ThreeViewController.m */; };
		7C41DDDE23251FBB0066D587 /* FourViewController.m in Sources */ = {isa = PBXBuildFile; fileRef = 7C41DDDD23251FBB0066D587 /* FourViewController.m */; };
		7C41DDE123251FC40066D587 /* FiveViewController.m in Sources */ = {isa = PBXBuildFile; fileRef = 7C41DDE023251FC40066D587 /* FiveViewController.m */; };
		7C41DDE42325248D0066D587 /* NewViewController.m in Sources */ = {isa = PBXBuildFile; fileRef = 7C41DDE32325248D0066D587 /* NewViewController.m */; };
		7C41DDE72325285D0066D587 /* OneTableViewCell.m in Sources */ = {isa = PBXBuildFile; fileRef = 7C41DDE62325285D0066D587 /* OneTableViewCell.m */; };
		7C41DDEA2325286D0066D587 /* TwoTableViewCell.m in Sources */ = {isa = PBXBuildFile; fileRef = 7C41DDE92325286D0066D587 /* TwoTableViewCell.m */; };
		7C41DDED232536A90066D587 /* ThreeTableViewCell.m in Sources */ = {isa = PBXBuildFile; fileRef = 7C41DDEC232536A90066D587 /* ThreeTableViewCell.m */; };
/* End PBXBuildFile section */

/* Begin PBXFileReference section */
		7C1B18B8232677F300AD77C7 /* A53C0F90-9C01-4773-8E48-BE59279DF501.png */ = {isa = PBXFileReference; lastKnownFileType = image.png; path = "A53C0F90-9C01-4773-8E48-BE59279DF501.png"; sourceTree = "<group>"; };
		7C1B18BA2326783600AD77C7 /* 85215A64-6C8A-4B2C-910B-4FAA55C08366.png */ = {isa = PBXFileReference; lastKnownFileType = image.png; path = "85215A64-6C8A-4B2C-910B-4FAA55C08366.png"; sourceTree = "<group>"; };
		7C1B18BC2326785F00AD77C7 /* C3392E95-ECC4-4D1F-881E-DCCDC67B7691.png */ = {isa = PBXFileReference; lastKnownFileType = image.png; path = "C3392E95-ECC4-4D1F-881E-DCCDC67B7691.png"; sourceTree = "<group>"; };
		7C1B18BE2326788000AD77C7 /* D649CFB4-C5A4-4303-9513-D46AB6EFEDD4.png */ = {isa = PBXFileReference; lastKnownFileType = image.png; path = "D649CFB4-C5A4-4303-9513-D46AB6EFEDD4.png"; sourceTree = "<group>"; };
		7C1B18C02326789100AD77C7 /* 060A5358-0B5B-40B7-9838-FFF1788260DF.png */ = {isa = PBXFileReference; lastKnownFileType = image.png; path = "060A5358-0B5B-40B7-9838-FFF1788260DF.png"; sourceTree = "<group>"; };
		7C1B18C2232678A300AD77C7 /* A50027E2-C5B6-4576-8A96-AE00DC00C750.png */ = {isa = PBXFileReference; lastKnownFileType = image.png; path = "A50027E2-C5B6-4576-8A96-AE00DC00C750.png"; sourceTree = "<group>"; };
		7C41DDB4232511360066D587 /* TwoTest.app */ = {isa = PBXFileReference; explicitFileType = wrapper.application; includeInIndex = 0; path = TwoTest.app; sourceTree = BUILT_PRODUCTS_DIR; };
		7C41DDB7232511370066D587 /* AppDelegate.h */ = {isa = PBXFileReference; lastKnownFileType = sourcecode.c.h; path = AppDelegate.h; sourceTree = "<group>"; };
		7C41DDB8232511370066D587 /* AppDelegate.m */ = {isa = PBXFileReference; lastKnownFileType = sourcecode.c.objc; path = AppDelegate.m; sourceTree = "<group>"; };
		7C41DDBA232511390066D587 /* ViewController.h */ = {isa = PBXFileReference; lastKnownFileType = sourcecode.c.h; path = ViewController.h; sourceTree = "<group>"; };
		7C41DDBB232511390066D587 /* ViewController.m */ = {isa = PBXFileReference; lastKnownFileType = sourcecode.c.objc; path = ViewController.m; sourceTree = "<group>"; };
		7C41DDBE2325113B0066D587 /* Base */ = {isa = PBXFileReference; lastKnownFileType = file.storyboard; name = Base; path = Base.lproj/Main.storyboard; sourceTree = "<group>"; };
		7C41DDC0232511EB0066D587 /* Assets.xcassets */ = {isa = PBXFileReference; lastKnownFileType = folder.assetcatalog; path = Assets.xcassets; sourceTree = "<group>"; };
		7C41DDC3232511EC0066D587 /* Base */ = {isa = PBXFileReference; lastKnownFileType = file.storyboard; name = Base; path = Base.lproj/LaunchScreen.storyboard; sourceTree = "<group>"; };
		7C41DDC5232511F10066D587 /* Info.plist */ = {isa = PBXFileReference; lastKnownFileType = text.plist.xml; path = Info.plist; sourceTree = "<group>"; };
		7C41DDC6232511F40066D587 /* main.m */ = {isa = PBXFileReference; lastKnownFileType = sourcecode.c.objc; path = main.m; sourceTree = "<group>"; };
		7C41DDCD2325174E0066D587 /* loginViewController.h */ = {isa = PBXFileReference; lastKnownFileType = sourcecode.c.h; path = loginViewController.h; sourceTree = "<group>"; };
		7C41DDCE2325174E0066D587 /* loginViewController.m */ = {isa = PBXFileReference; lastKnownFileType = sourcecode.c.objc; path = loginViewController.m; sourceTree = "<group>"; };
		7C41DDD02325175A0066D587 /* ResignViewController.h */ = {isa = PBXFileReference; lastKnownFileType = sourcecode.c.h; path = ResignViewController.h; sourceTree = "<group>"; };
		7C41DDD12325175A0066D587 /* ResignViewController.m */ = {isa = PBXFileReference; lastKnownFileType = sourcecode.c.objc; path = ResignViewController.m; sourceTree = "<group>"; };
		7C41DDD323251FA00066D587 /* OneViewController.h */ = {isa = PBXFileReference; lastKnownFileType = sourcecode.c.h; path = OneViewController.h; sourceTree = "<group>"; };
		7C41DDD423251FA00066D587 /* OneViewController.m */ = {isa = PBXFileReference; lastKnownFileType = sourcecode.c.objc; path = OneViewController.m; sourceTree = "<group>"; };
		7C41DDD623251FA90066D587 /* TwoViewController.h */ = {isa = PBXFileReference; lastKnownFileType = sourcecode.c.h; path = TwoViewController.h; sourceTree = "<group>"; };
		7C41DDD723251FA90066D587 /* TwoViewController.m */ = {isa = PBXFileReference; lastKnownFileType = sourcecode.c.objc; path = TwoViewController.m; sourceTree = "<group>"; };
		7C41DDD923251FB20066D587 /* ThreeViewController.h */ = {isa = PBXFileReference; lastKnownFileType = sourcecode.c.h; path = ThreeViewController.h; sourceTree = "<group>"; };
		7C41DDDA23251FB20066D587 /* ThreeViewController.m */ = {isa = PBXFileReference; lastKnownFileType = sourcecode.c.objc; path = ThreeViewController.m; sourceTree = "<group>"; };
		7C41DDDC23251FBB0066D587 /* FourViewController.h */ = {isa = PBXFileReference; lastKnownFileType = sourcecode.c.h; path = FourViewController.h; sourceTree = "<group>"; };
		7C41DDDD23251FBB0066D587 /* FourViewController.m */ = {isa = PBXFileReference; lastKnownFileType = sourcecode.c.objc; path = FourViewController.m; sourceTree = "<group>"; };
		7C41DDDF23251FC40066D587 /* FiveViewController.h */ = {isa = PBXFileReference; lastKnownFileType = sourcecode.c.h; path = FiveViewController.h; sourceTree = "<group>"; };
		7C41DDE023251FC40066D587 /* FiveViewController.m */ = {isa = PBXFileReference; lastKnownFileType = sourcecode.c.objc; path = FiveViewController.m; sourceTree = "<group>"; };
		7C41DDE22325248D0066D587 /* NewViewController.h */ = {isa = PBXFileReference; lastKnownFileType = sourcecode.c.h; path = NewViewController.h; sourceTree = "<group>"; };
		7C41DDE32325248D0066D587 /* NewViewController.m */ = {isa = PBXFileReference; lastKnownFileType = sourcecode.c.objc; path = NewViewController.m; sourceTree = "<group>"; };
		7C41DDE52325285D0066D587 /* OneTableViewCell.h */ = {isa = PBXFileReference; lastKnownFileType = sourcecode.c.h; path = OneTableViewCell.h; sourceTree = "<group>"; };
		7C41DDE62325285D0066D587 /* OneTableViewCell.m */ = {isa = PBXFileReference; lastKnownFileType = sourcecode.c.objc; path = OneTableViewCell.m; sourceTree = "<group>"; };
		7C41DDE82325286D0066D587 /* TwoTableViewCell.h */ = {isa = PBXFileReference; lastKnownFileType = sourcecode.c.h; path = TwoTableViewCell.h; sourceTree = "<group>"; };
		7C41DDE92325286D0066D587 /* TwoTableViewCell.m */ = {isa = PBXFileReference; lastKnownFileType = sourcecode.c.objc; path = TwoTableViewCell.m; sourceTree = "<group>"; };
		7C41DDEB232536A90066D587 /* ThreeTableViewCell.h */ = {isa = PBXFileReference; lastKnownFileType = sourcecode.c.h; path = ThreeTableViewCell.h; sourceTree = "<group>"; };
		7C41DDEC232536A90066D587 /* ThreeTableViewCell.m */ = {isa = PBXFileReference; lastKnownFileType = sourcecode.c.objc; path = ThreeTableViewCell.m; sourceTree = "<group>"; };
/* End PBXFileReference section */

/* Begin PBXFrameworksBuildPhase section */
		7C41DDB1232511360066D587 /* Frameworks */ = {
			isa = PBXFrameworksBuildPhase;
			buildActionMask = 2147483647;
			files = (
			);
			runOnlyForDeploymentPostprocessing = 0;
		};
/* End PBXFrameworksBuildPhase section */

/* Begin PBXGroup section */
		7C41DDAB232511360066D587 = {
			isa = PBXGroup;
			children = (
				7C41DDB6232511360066D587 /* TwoTest */,
				7C41DDB5232511360066D587 /* Products */,
			);
			sourceTree = "<group>";
		};
		7C41DDB5232511360066D587 /* Products */ = {
			isa = PBXGroup;
			children = (
				7C41DDB4232511360066D587 /* TwoTest.app */,
			);
			name = Products;
			sourceTree = "<group>";
		};
		7C41DDB6232511360066D587 /* TwoTest */ = {
			isa = PBXGroup;
			children = (
				7C1B18BA2326783600AD77C7 /* 85215A64-6C8A-4B2C-910B-4FAA55C08366.png */,
				7C1B18B8232677F300AD77C7 /* A53C0F90-9C01-4773-8E48-BE59279DF501.png */,
				7C1B18BC2326785F00AD77C7 /* C3392E95-ECC4-4D1F-881E-DCCDC67B7691.png */,
				7C1B18BE2326788000AD77C7 /* D649CFB4-C5A4-4303-9513-D46AB6EFEDD4.png */,
				7C1B18C02326789100AD77C7 /* 060A5358-0B5B-40B7-9838-FFF1788260DF.png */,
				7C1B18C2232678A300AD77C7 /* A50027E2-C5B6-4576-8A96-AE00DC00C750.png */,
				7C41DDE52325285D0066D587 /* OneTableViewCell.h */,
				7C41DDE62325285D0066D587 /* OneTableViewCell.m */,
				7C41DDE82325286D0066D587 /* TwoTableViewCell.h */,
				7C41DDE92325286D0066D587 /* TwoTableViewCell.m */,
				7C41DDEB232536A90066D587 /* ThreeTableViewCell.h */,
				7C41DDEC232536A90066D587 /* ThreeTableViewCell.m */,
				7C41DDB7232511370066D587 /* AppDelegate.h */,
				7C41DDB8232511370066D587 /* AppDelegate.m */,
				7C41DDCD2325174E0066D587 /* loginViewController.h */,
				7C41DDCE2325174E0066D587 /* loginViewController.m */,
				7C41DDD02325175A0066D587 /* ResignViewController.h */,
				7C41DDD323251FA00066D587 /* OneViewController.h */,
				7C41DDD423251FA00066D587 /* OneViewController.m */,
				7C41DDE22325248D0066D587 /* NewViewController.h */,
				7C41DDE32325248D0066D587 /* NewViewController.m */,
				7C41DDD623251FA90066D587 /* TwoViewController.h */,
				7C41DDD723251FA90066D587 /* TwoViewController.m */,
				7C41DDD923251FB20066D587 /* ThreeViewController.h */,
				7C41DDDA23251FB20066D587 /* ThreeViewController.m */,
				7C41DDDC23251FBB0066D587 /* FourViewController.h */,
				7C41DDDD23251FBB0066D587 /* FourViewController.m */,
				7C41DDDF23251FC40066D587 /* FiveViewController.h */,
				7C41DDE023251FC40066D587 /* FiveViewController.m */,
				7C41DDD12325175A0066D587 /* ResignViewController.m */,
				7C41DDBA232511390066D587 /* ViewController.h */,
				7C41DDBB232511390066D587 /* ViewController.m */,
				7C41DDBD2325113B0066D587 /* Main.storyboard */,
				7C41DDC0232511EB0066D587 /* Assets.xcassets */,
				7C41DDC2232511EC0066D587 /* LaunchScreen.storyboard */,
				7C41DDC5232511F10066D587 /* Info.plist */,
				7C41DDC6232511F40066D587 /* main.m */,
			);
			path = TwoTest;
			sourceTree = "<group>";
		};
/* End PBXGroup section */

/* Begin PBXNativeTarget section */
		7C41DDB3232511360066D587 /* TwoTest */ = {
			isa = PBXNativeTarget;
			buildConfigurationList = 7C41DDCA232511F40066D587 /* Build configuration list for PBXNativeTarget "TwoTest" */;
			buildPhases = (
				7C41DDB0232511360066D587 /* Sources */,
				7C41DDB1232511360066D587 /* Frameworks */,
				7C41DDB2232511360066D587 /* Resources */,
			);
			buildRules = (
			);
			dependencies = (
			);
			name = TwoTest;
			productName = TwoTest;
			productReference = 7C41DDB4232511360066D587 /* TwoTest.app */;
			productType = "com.apple.product-type.application";
		};
/* End PBXNativeTarget section */

/* Begin PBXProject section */
		7C41DDAC232511360066D587 /* Project object */ = {
			isa = PBXProject;
			attributes = {
				LastUpgradeCheck = 1020;
				ORGANIZATIONNAME = "岳靖翔";
				TargetAttributes = {
					7C41DDB3232511360066D587 = {
						CreatedOnToolsVersion = 10.2.1;
					};
				};
			};
			buildConfigurationList = 7C41DDAF232511360066D587 /* Build configuration list for PBXProject "TwoTest" */;
			compatibilityVersion = "Xcode 9.3";
			developmentRegion = en;
			hasScannedForEncodings = 0;
			knownRegions = (
				en,
				Base,
			);
			mainGroup = 7C41DDAB232511360066D587;
			productRefGroup = 7C41DDB5232511360066D587 /* Products */;
			projectDirPath = "";
			projectRoot = "";
			targets = (
				7C41DDB3232511360066D587 /* TwoTest */,
			);
		};
/* End PBXProject section */

/* Begin PBXResourcesBuildPhase section */
		7C41DDB2232511360066D587 /* Resources */ = {
			isa = PBXResourcesBuildPhase;
			buildActionMask = 2147483647;
			files = (
				7C1B18B9232677F400AD77C7 /* A53C0F90-9C01-4773-8E48-BE59279DF501.png in Resources */,
				7C1B18C12326789100AD77C7 /* 060A5358-0B5B-40B7-9838-FFF1788260DF.png in Resources */,
				7C1B18BD2326785F00AD77C7 /* C3392E95-ECC4-4D1F-881E-DCCDC67B7691.png in Resources */,
				7C1B18BF2326788000AD77C7 /* D649CFB4-C5A4-4303-9513-D46AB6EFEDD4.png in Resources */,
				7C41DDC4232511EC0066D587 /* LaunchScreen.storyboard in Resources */,
				7C41DDC1232511EB0066D587 /* Assets.xcassets in Resources */,
				7C1B18C3232678A400AD77C7 /* A50027E2-C5B6-4576-8A96-AE00DC00C750.png in Resources */,
				7C41DDBF2325113B0066D587 /* Main.storyboard in Resources */,
				7C1B18BB2326783700AD77C7 /* 85215A64-6C8A-4B2C-910B-4FAA55C08366.png in Resources */,
			);
			runOnlyForDeploymentPostprocessing = 0;
		};
/* End PBXResourcesBuildPhase section */

/* Begin PBXSourcesBuildPhase section */
		7C41DDB0232511360066D587 /* Sources */ = {
			isa = PBXSourcesBuildPhase;
			buildActionMask = 2147483647;
			files = (
				7C41DDED232536A90066D587 /* ThreeTableViewCell.m in Sources */,
				7C41DDD823251FA90066D587 /* TwoViewController.m in Sources */,
				7C41DDD22325175A0066D587 /* ResignViewController.m in Sources */,
				7C41DDCF2325174E0066D587 /* loginViewController.m in Sources */,
				7C41DDDE23251FBB0066D587 /* FourViewController.m in Sources */,
				7C41DDE123251FC40066D587 /* FiveViewController.m in Sources */,
				7C41DDBC232511390066D587 /* ViewController.m in Sources */,
				7C41DDE42325248D0066D587 /* NewViewController.m in Sources */,
				7C41DDD523251FA00066D587 /* OneViewController.m in Sources */,
				7C41DDEA2325286D0066D587 /* TwoTableViewCell.m in Sources */,
				7C41DDC7232511F40066D587 /* main.m in Sources */,
				7C41DDB9232511370066D587 /* AppDelegate.m in Sources */,
				7C41DDE72325285D0066D587 /* OneTableViewCell.m in Sources */,
				7C41DDDB23251FB20066D587 /* ThreeViewController.m in Sources */,
			);
			runOnlyForDeploymentPostprocessing = 0;
		};
/* End PBXSourcesBuildPhase section */

/* Begin PBXVariantGroup section */
		7C41DDBD2325113B0066D587 /* Main.storyboard */ = {
			isa = PBXVariantGroup;
			children = (
				7C41DDBE2325113B0066D587 /* Base */,
			);
			name = Main.storyboard;
			sourceTree = "<group>";
		};
		7C41DDC2232511EC0066D587 /* LaunchScreen.storyboard */ = {
			isa = PBXVariantGroup;
			children = (
				7C41DDC3232511EC0066D587 /* Base */,
			);
			name = LaunchScreen.storyboard;
			sourceTree = "<group>";
		};
/* End PBXVariantGroup section */

/* Begin XCBuildConfiguration section */
		7C41DDC8232511F40066D587 /* Debug */ = {
			isa = XCBuildConfiguration;
			buildSettings = {
				ALWAYS_SEARCH_USER_PATHS = NO;
				CLANG_ANALYZER_NONNULL = YES;
				CLANG_ANALYZER_NUMBER_OBJECT_CONVERSION = YES_AGGRESSIVE;
				CLANG_CXX_LANGUAGE_STANDARD = "gnu++14";
				CLANG_CXX_LIBRARY = "libc++";
				CLANG_ENABLE_MODULES = YES;
				CLANG_ENABLE_OBJC_ARC = YES;
				CLANG_ENABLE_OBJC_WEAK = YES;
				CLANG_WARN_BLOCK_CAPTURE_AUTORELEASING = YES;
				CLANG_WARN_BOOL_CONVERSION = YES;
				CLANG_WARN_COMMA = YES;
				CLANG_WARN_CONSTANT_CONVERSION = YES;
				CLANG_WARN_DEPRECATED_OBJC_IMPLEMENTATIONS = YES;
				CLANG_WARN_DIRECT_OBJC_ISA_USAGE = YES_ERROR;
				CLANG_WARN_DOCUMENTATION_COMMENTS = YES;
				CLANG_WARN_EMPTY_BODY = YES;
				CLANG_WARN_ENUM_CONVERSION = YES;
				CLANG_WARN_INFINITE_RECURSION = YES;
				CLANG_WARN_INT_CONVERSION = YES;
				CLANG_WARN_NON_LITERAL_NULL_CONVERSION = YES;
				CLANG_WARN_OBJC_IMPLICIT_RETAIN_SELF = YES;
				CLANG_WARN_OBJC_LITERAL_CONVERSION = YES;
				CLANG_WARN_OBJC_ROOT_CLASS = YES_ERROR;
				CLANG_WARN_RANGE_LOOP_ANALYSIS = YES;
				CLANG_WARN_STRICT_PROTOTYPES = YES;
				CLANG_WARN_SUSPICIOUS_MOVE = YES;
				CLANG_WARN_UNGUARDED_AVAILABILITY = YES_AGGRESSIVE;
				CLANG_WARN_UNREACHABLE_CODE = YES;
				CLANG_WARN__DUPLICATE_METHOD_MATCH = YES;
				CODE_SIGN_IDENTITY = "iPhone Developer";
				COPY_PHASE_STRIP = NO;
				DEBUG_INFORMATION_FORMAT = dwarf;
				ENABLE_STRICT_OBJC_MSGSEND = YES;
				ENABLE_TESTABILITY = YES;
				GCC_C_LANGUAGE_STANDARD = gnu11;
				GCC_DYNAMIC_NO_PIC = NO;
				GCC_NO_COMMON_BLOCKS = YES;
				GCC_OPTIMIZATION_LEVEL = 0;
				GCC_PREPROCESSOR_DEFINITIONS = (
					"DEBUG=1",
					"$(inherited)",
				);
				GCC_WARN_64_TO_32_BIT_CONVERSION = YES;
				GCC_WARN_ABOUT_RETURN_TYPE = YES_ERROR;
				GCC_WARN_UNDECLARED_SELECTOR = YES;
				GCC_WARN_UNINITIALIZED_AUTOS = YES_AGGRESSIVE;
				GCC_WARN_UNUSED_FUNCTION = YES;
				GCC_WARN_UNUSED_VARIABLE = YES;
				IPHONEOS_DEPLOYMENT_TARGET = 12.2;
				MTL_ENABLE_DEBUG_INFO = INCLUDE_SOURCE;
				MTL_FAST_MATH = YES;
				ONLY_ACTIVE_ARCH = YES;
				SDKROOT = iphoneos;
			};
			name = Debug;
		};
		7C41DDC9232511F40066D587 /* Release */ = {
			isa = XCBuildConfiguration;
			buildSettings = {
				ALWAYS_SEARCH_USER_PATHS = NO;
				CLANG_ANALYZER_NONNULL = YES;
				CLANG_ANALYZER_NUMBER_OBJECT_CONVERSION = YES_AGGRESSIVE;
				CLANG_CXX_LANGUAGE_STANDARD = "gnu++14";
				CLANG_CXX_LIBRARY = "libc++";
				CLANG_ENABLE_MODULES = YES;
				CLANG_ENABLE_OBJC_ARC = YES;
				CLANG_ENABLE_OBJC_WEAK = YES;
				CLANG_WARN_BLOCK_CAPTURE_AUTORELEASING = YES;
				CLANG_WARN_BOOL_CONVERSION = YES;
				CLANG_WARN_COMMA = YES;
				CLANG_WARN_CONSTANT_CONVERSION = YES;
				CLANG_WARN_DEPRECATED_OBJC_IMPLEMENTATIONS = YES;
				CLANG_WARN_DIRECT_OBJC_ISA_USAGE = YES_ERROR;
				CLANG_WARN_DOCUMENTATION_COMMENTS = YES;
				CLANG_WARN_EMPTY_BODY = YES;
				CLANG_WARN_ENUM_CONVERSION = YES;
				CLANG_WARN_INFINITE_RECURSION = YES;
				CLANG_WARN_INT_CONVERSION = YES;
				CLANG_WARN_NON_LITERAL_NULL_CONVERSION = YES;
				CLANG_WARN_OBJC_IMPLICIT_RETAIN_SELF = YES;
				CLANG_WARN_OBJC_LITERAL_CONVERSION = YES;
				CLANG_WARN_OBJC_ROOT_CLASS = YES_ERROR;
				CLANG_WARN_RANGE_LOOP_ANALYSIS = YES;
				CLANG_WARN_STRICT_PROTOTYPES = YES;
				CLANG_WARN_SUSPICIOUS_MOVE = YES;
				CLANG_WARN_UNGUARDED_AVAILABILITY = YES_AGGRESSIVE;
				CLANG_WARN_UNREACHABLE_CODE = YES;
				CLANG_WARN__DUPLICATE_METHOD_MATCH = YES;
				CODE_SIGN_IDENTITY = "iPhone Developer";
				COPY_PHASE_STRIP = NO;
				DEBUG_INFORMATION_FORMAT = "dwarf-with-dsym";
				ENABLE_NS_ASSERTIONS = NO;
				ENABLE_STRICT_OBJC_MSGSEND = YES;
				GCC_C_LANGUAGE_STANDARD = gnu11;
				GCC_NO_COMMON_BLOCKS = YES;
				GCC_WARN_64_TO_32_BIT_CONVERSION = YES;
				GCC_WARN_ABOUT_RETURN_TYPE = YES_ERROR;
				GCC_WARN_UNDECLARED_SELECTOR = YES;
				GCC_WARN_UNINITIALIZED_AUTOS = YES_AGGRESSIVE;
				GCC_WARN_UNUSED_FUNCTION = YES;
				GCC_WARN_UNUSED_VARIABLE = YES;
				IPHONEOS_DEPLOYMENT_TARGET = 12.2;
				MTL_ENABLE_DEBUG_INFO = NO;
				MTL_FAST_MATH = YES;
				SDKROOT = iphoneos;
				VALIDATE_PRODUCT = YES;
			};
			name = Release;
		};
		7C41DDCB232511F40066D587 /* Debug */ = {
			isa = XCBuildConfiguration;
			buildSettings = {
				ASSETCATALOG_COMPILER_APPICON_NAME = AppIcon;
				CODE_SIGN_STYLE = Automatic;
				INFOPLIST_FILE = TwoTest/Info.plist;
				LD_RUNPATH_SEARCH_PATHS = (
					"$(inherited)",
					"@executable_path/Frameworks",
				);
				PRODUCT_BUNDLE_IDENTIFIER = c.TwoTest;
				PRODUCT_NAME = "$(TARGET_NAME)";
				TARGETED_DEVICE_FAMILY = "1,2";
			};
			name = Debug;
		};
		7C41DDCC232511F40066D587 /* Release */ = {
			isa = XCBuildConfiguration;
			buildSettings = {
				ASSETCATALOG_COMPILER_APPICON_NAME = AppIcon;
				CODE_SIGN_STYLE = Automatic;
				INFOPLIST_FILE = TwoTest/Info.plist;
				LD_RUNPATH_SEARCH_PATHS = (
					"$(inherited)",
					"@executable_path/Frameworks",
				);
				PRODUCT_BUNDLE_IDENTIFIER = c.TwoTest;
				PRODUCT_NAME = "$(TARGET_NAME)";
				TARGETED_DEVICE_FAMILY = "1,2";
			};
			name = Release;
		};
/* End XCBuildConfiguration section */

/* Begin XCConfigurationList section */
		7C41DDAF232511360066D587 /* Build configuration list for PBXProject "TwoTest" */ = {
			isa = XCConfigurationList;
			buildConfigurations = (
				7C41DDC8232511F40066D587 /* Debug */,
				7C41DDC9232511F40066D587 /* Release */,
			);
			defaultConfigurationIsVisible = 0;
			defaultConfigurationName = Release;
		};
		7C41DDCA232511F40066D587 /* Build configuration list for PBXNativeTarget "TwoTest" */ = {
			isa = XCConfigurationList;
			buildConfigurations = (
				7C41DDCB232511F40066D587 /* Debug */,
				7C41DDCC232511F40066D587 /* Release */,
			);
			defaultConfigurationIsVisible = 0;
			defaultConfigurationName = Release;
		};
/* End XCConfigurationList section */
	};
	rootObject = 7C41DDAC232511360066D587 /* Project object */;
}
